// !$*UTF8*$!
{
	archiveVersion = 1;
	classes = {
	};
	objectVersion = 48;
	objects = {

/* Begin PBXBuildFile section */
		3F26DDD4203BBFC10091807C /* WordBankVC.swift in Sources */ = {isa = PBXBuildFile; fileRef = 3F26DDD3203BBFC10091807C /* WordBankVC.swift */; };
		3FA2FED7204E40E800BA8456 /* UIView + takeSnapshot.swift in Sources */ = {isa = PBXBuildFile; fileRef = 3FA2FED6204E40E700BA8456 /* UIView + takeSnapshot.swift */; };
		3FA2FED9204E48C700BA8456 /* AppData.swift in Sources */ = {isa = PBXBuildFile; fileRef = 3FA2FED8204E48C700BA8456 /* AppData.swift */; };
		A76C270020317E39003E011E /* AppDelegate.swift in Sources */ = {isa = PBXBuildFile; fileRef = A76C26FF20317E39003E011E /* AppDelegate.swift */; };
		A76C270220317E3A003E011E /* ViewController.swift in Sources */ = {isa = PBXBuildFile; fileRef = A76C270120317E3A003E011E /* ViewController.swift */; };
		A76C270520317E3A003E011E /* Main.storyboard in Resources */ = {isa = PBXBuildFile; fileRef = A76C270320317E3A003E011E /* Main.storyboard */; };
		A76C270720317E3A003E011E /* Assets.xcassets in Resources */ = {isa = PBXBuildFile; fileRef = A76C270620317E3A003E011E /* Assets.xcassets */; };
		A76C270A20317E3A003E011E /* LaunchScreen.storyboard in Resources */ = {isa = PBXBuildFile; fileRef = A76C270820317E3A003E011E /* LaunchScreen.storyboard */; };
/* End PBXBuildFile section */

/* Begin PBXFileReference section */
		3F26DDD3203BBFC10091807C /* WordBankVC.swift */ = {isa = PBXFileReference; lastKnownFileType = sourcecode.swift; name = WordBankVC.swift; path = VC/WordBankVC.swift; sourceTree = "<group>"; };
		3FA2FED6204E40E700BA8456 /* UIView + takeSnapshot.swift */ = {isa = PBXFileReference; fileEncoding = 4; lastKnownFileType = sourcecode.swift; name = "UIView + takeSnapshot.swift"; path = "VC/UIView + takeSnapshot.swift"; sourceTree = "<group>"; };
		3FA2FED8204E48C700BA8456 /* AppData.swift */ = {isa = PBXFileReference; lastKnownFileType = sourcecode.swift; path = AppData.swift; sourceTree = "<group>"; };
		A76C26FC20317E39003E011E /* Project1WordMagnets.app */ = {isa = PBXFileReference; explicitFileType = wrapper.application; includeInIndex = 0; path = Project1WordMagnets.app; sourceTree = BUILT_PRODUCTS_DIR; };
		A76C26FF20317E39003E011E /* AppDelegate.swift */ = {isa = PBXFileReference; lastKnownFileType = sourcecode.swift; path = AppDelegate.swift; sourceTree = "<group>"; };
		A76C270120317E3A003E011E /* ViewController.swift */ = {isa = PBXFileReference; lastKnownFileType = sourcecode.swift; name = ViewController.swift; path = VC/ViewController.swift; sourceTree = "<group>"; };
		A76C270420317E3A003E011E /* Base */ = {isa = PBXFileReference; lastKnownFileType = file.storyboard; name = Base; path = Base.lproj/Main.storyboard; sourceTree = "<group>"; };
		A76C270620317E3A003E011E /* Assets.xcassets */ = {isa = PBXFileReference; lastKnownFileType = folder.assetcatalog; path = Assets.xcassets; sourceTree = "<group>"; };
		A76C270920317E3A003E011E /* Base */ = {isa = PBXFileReference; lastKnownFileType = file.storyboard; name = Base; path = Base.lproj/LaunchScreen.storyboard; sourceTree = "<group>"; };
		A76C270B20317E3A003E011E /* Info.plist */ = {isa = PBXFileReference; lastKnownFileType = text.plist.xml; path = Info.plist; sourceTree = "<group>"; };
/* End PBXFileReference section */

/* Begin PBXFrameworksBuildPhase section */
		A76C26F920317E39003E011E /* Frameworks */ = {
			isa = PBXFrameworksBuildPhase;
			buildActionMask = 2147483647;
			files = (
			);
			runOnlyForDeploymentPostprocessing = 0;
		};
/* End PBXFrameworksBuildPhase section */

/* Begin PBXGroup section */
		A76C26F320317E39003E011E = {
			isa = PBXGroup;
			children = (
				A76C26FE20317E39003E011E /* Project1WordMagnets */,
				A76C26FD20317E39003E011E /* Products */,
			);
			sourceTree = "<group>";
		};
		A76C26FD20317E39003E011E /* Products */ = {
			isa = PBXGroup;
			children = (
				A76C26FC20317E39003E011E /* Project1WordMagnets.app */,
			);
			name = Products;
			sourceTree = "<group>";
		};
		A76C26FE20317E39003E011E /* Project1WordMagnets */ = {
			isa = PBXGroup;
			children = (
				A76C26FF20317E39003E011E /* AppDelegate.swift */,
				A76C270120317E3A003E011E /* ViewController.swift */,
				A76C270320317E3A003E011E /* Main.storyboard */,
				A76C270620317E3A003E011E /* Assets.xcassets */,
				A76C270820317E3A003E011E /* LaunchScreen.storyboard */,
				A76C270B20317E3A003E011E /* Info.plist */,
				3FA2FED6204E40E700BA8456 /* UIView + takeSnapshot.swift */,
				3F26DDD3203BBFC10091807C /* WordBankVC.swift */,
				3FA2FED8204E48C700BA8456 /* AppData.swift */,
			);
			path = Project1WordMagnets;
			sourceTree = "<group>";
		};
/* End PBXGroup section */

/* Begin PBXNativeTarget section */
		A76C26FB20317E39003E011E /* Project1WordMagnets */ = {
			isa = PBXNativeTarget;
			buildConfigurationList = A76C270E20317E3A003E011E /* Build configuration list for PBXNativeTarget "Project1WordMagnets" */;
			buildPhases = (
				A76C26F820317E39003E011E /* Sources */,
				A76C26F920317E39003E011E /* Frameworks */,
				A76C26FA20317E39003E011E /* Resources */,
			);
			buildRules = (
			);
			dependencies = (
			);
			name = Project1WordMagnets;
			productName = Project1WordMagnets;
			productReference = A76C26FC20317E39003E011E /* Project1WordMagnets.app */;
			productType = "com.apple.product-type.application";
		};
/* End PBXNativeTarget section */

/* Begin PBXProject section */
		A76C26F420317E39003E011E /* Project object */ = {
			isa = PBXProject;
			attributes = {
				LastSwiftUpdateCheck = 0920;
				LastUpgradeCheck = 0920;
				ORGANIZATIONNAME = "Jordan Sullivan";
				TargetAttributes = {
					A76C26FB20317E39003E011E = {
						CreatedOnToolsVersion = 9.2;
						ProvisioningStyle = Automatic;
					};
				};
			};
			buildConfigurationList = A76C26F720317E39003E011E /* Build configuration list for PBXProject "Project1WordMagnets" */;
			compatibilityVersion = "Xcode 8.0";
			developmentRegion = en;
			hasScannedForEncodings = 0;
			knownRegions = (
				en,
				Base,
			);
			mainGroup = A76C26F320317E39003E011E;
			productRefGroup = A76C26FD20317E39003E011E /* Products */;
			projectDirPath = "";
			projectRoot = "";
			targets = (
				A76C26FB20317E39003E011E /* Project1WordMagnets */,
			);
		};
/* End PBXProject section */

/* Begin PBXResourcesBuildPhase section */
		A76C26FA20317E39003E011E /* Resources */ = {
			isa = PBXResourcesBuildPhase;
			buildActionMask = 2147483647;
			files = (
				A76C270A20317E3A003E011E /* LaunchScreen.storyboard in Resources */,
				A76C270720317E3A003E011E /* Assets.xcassets in Resources */,
				A76C270520317E3A003E011E /* Main.storyboard in Resources */,
			);
			runOnlyForDeploymentPostprocessing = 0;
		};
/* End PBXResourcesBuildPhase section */

/* Begin PBXSourcesBuildPhase section */
		A76C26F820317E39003E011E /* Sources */ = {
			isa = PBXSourcesBuildPhase;
			buildActionMask = 2147483647;
			files = (
				A76C270220317E3A003E011E /* ViewController.swift in Sources */,
				A76C270020317E39003E011E /* AppDelegate.swift in Sources */,
				3F26DDD4203BBFC10091807C /* WordBankVC.swift in Sources */,
				3FA2FED7204E40E800BA8456 /* UIView + takeSnapshot.swift in Sources */,
				3FA2FED9204E48C700BA8456 /* AppData.swift in Sources */,
			);
			runOnlyForDeploymentPostprocessing = 0;
		};
/* End PBXSourcesBuildPhase section */

/* Begin PBXVariantGroup section */
		A76C270320317E3A003E011E /* Main.storyboard */ = {
			isa = PBXVariantGroup;
			children = (
				A76C270420317E3A003E011E /* Base */,
			);
			name = Main.storyboard;
			sourceTree = "<group>";
		};
		A76C270820317E3A003E011E /* LaunchScreen.storyboard */ = {
			isa = PBXVariantGroup;
			children = (
				A76C270920317E3A003E011E /* Base */,
			);
			name = LaunchScreen.storyboard;
			sourceTree = "<group>";
		};
/* End PBXVariantGroup section */

/* Begin XCBuildConfiguration section */
		A76C270C20317E3A003E011E /* Debug */ = {
			isa = XCBuildConfiguration;
			buildSettings = {
				ALWAYS_SEARCH_USER_PATHS = NO;
				CLANG_ANALYZER_NONNULL = YES;
				CLANG_ANALYZER_NUMBER_OBJECT_CONVERSION = YES_AGGRESSIVE;
				CLANG_CXX_LANGUAGE_STANDARD = "gnu++14";
				CLANG_CXX_LIBRARY = "libc++";
				CLANG_ENABLE_MODULES = YES;
				CLANG_ENABLE_OBJC_ARC = YES;
				CLANG_WARN_BLOCK_CAPTURE_AUTORELEASING = YES;
				CLANG_WARN_BOOL_CONVERSION = YES;
				CLANG_WARN_COMMA = YES;
				CLANG_WARN_CONSTANT_CONVERSION = YES;
				CLANG_WARN_DIRECT_OBJC_ISA_USAGE = YES_ERROR;
				CLANG_WARN_DOCUMENTATION_COMMENTS = YES;
				CLANG_WARN_EMPTY_BODY = YES;
				CLANG_WARN_ENUM_CONVERSION = YES;
				CLANG_WARN_INFINITE_RECURSION = YES;
				CLANG_WARN_INT_CONVERSION = YES;
				CLANG_WARN_NON_LITERAL_NULL_CONVERSION = YES;
				CLANG_WARN_OBJC_LITERAL_CONVERSION = YES;
				CLANG_WARN_OBJC_ROOT_CLASS = YES_ERROR;
				CLANG_WARN_RANGE_LOOP_ANALYSIS = YES;
				CLANG_WARN_STRICT_PROTOTYPES = YES;
				CLANG_WARN_SUSPICIOUS_MOVE = YES;
				CLANG_WARN_UNGUARDED_AVAILABILITY = YES_AGGRESSIVE;
				CLANG_WARN_UNREACHABLE_CODE = YES;
				CLANG_WARN__DUPLICATE_METHOD_MATCH = YES;
				CODE_SIGN_IDENTITY = "iPhone Developer";
				COPY_PHASE_STRIP = NO;
				DEBUG_INFORMATION_FORMAT = dwarf;
				ENABLE_STRICT_OBJC_MSGSEND = YES;
				ENABLE_TESTABILITY = YES;
				GCC_C_LANGUAGE_STANDARD = gnu11;
				GCC_DYNAMIC_NO_PIC = NO;
				GCC_NO_COMMON_BLOCKS = YES;
				GCC_OPTIMIZATION_LEVEL = 0;
				GCC_PREPROCESSOR_DEFINITIONS = (
					"DEBUG=1",
					"$(inherited)",
				);
				GCC_WARN_64_TO_32_BIT_CONVERSION = YES;
				GCC_WARN_ABOUT_RETURN_TYPE = YES_ERROR;
				GCC_WARN_UNDECLARED_SELECTOR = YES;
				GCC_WARN_UNINITIALIZED_AUTOS = YES_AGGRESSIVE;
				GCC_WARN_UNUSED_FUNCTION = YES;
				GCC_WARN_UNUSED_VARIABLE = YES;
				IPHONEOS_DEPLOYMENT_TARGET = 11.2;
				MTL_ENABLE_DEBUG_INFO = YES;
				ONLY_ACTIVE_ARCH = YES;
				SDKROOT = iphoneos;
				SWIFT_ACTIVE_COMPILATION_CONDITIONS = DEBUG;
				SWIFT_OPTIMIZATION_LEVEL = "-Onone";
			};
			name = Debug;
		};
		A76C270D20317E3A003E011E /* Release */ = {
			isa = XCBuildConfiguration;
			buildSettings = {
				ALWAYS_SEARCH_USER_PATHS = NO;
				CLANG_ANALYZER_NONNULL = YES;
				CLANG_ANALYZER_NUMBER_OBJECT_CONVERSION = YES_AGGRESSIVE;
				CLANG_CXX_LANGUAGE_STANDARD = "gnu++14";
				CLANG_CXX_LIBRARY = "libc++";
				CLANG_ENABLE_MODULES = YES;
				CLANG_ENABLE_OBJC_ARC = YES;
				CLANG_WARN_BLOCK_CAPTURE_AUTORELEASING = YES;
				CLANG_WARN_BOOL_CONVERSION = YES;
				CLANG_WARN_COMMA = YES;
				CLANG_WARN_CONSTANT_CONVERSION = YES;
				CLANG_WARN_DIRECT_OBJC_ISA_USAGE = YES_ERROR;
				CLANG_WARN_DOCUMENTATION_COMMENTS = YES;
				CLANG_WARN_EMPTY_BODY = YES;
				CLANG_WARN_ENUM_CONVERSION = YES;
				CLANG_WARN_INFINITE_RECURSION = YES;
				CLANG_WARN_INT_CONVERSION = YES;
				CLANG_WARN_NON_LITERAL_NULL_CONVERSION = YES;
				CLANG_WARN_OBJC_LITERAL_CONVERSION = YES;
				CLANG_WARN_OBJC_ROOT_CLASS = YES_ERROR;
				CLANG_WARN_RANGE_LOOP_ANALYSIS = YES;
				CLANG_WARN_STRICT_PROTOTYPES = YES;
				CLANG_WARN_SUSPICIOUS_MOVE = YES;
				CLANG_WARN_UNGUARDED_AVAILABILITY = YES_AGGRESSIVE;
				CLANG_WARN_UNREACHABLE_CODE = YES;
				CLANG_WARN__DUPLICATE_METHOD_MATCH = YES;
				CODE_SIGN_IDENTITY = "iPhone Developer";
				COPY_PHASE_STRIP = NO;
				DEBUG_INFORMATION_FORMAT = "dwarf-with-dsym";
				ENABLE_NS_ASSERTIONS = NO;
				ENABLE_STRICT_OBJC_MSGSEND = YES;
				GCC_C_LANGUAGE_STANDARD = gnu11;
				GCC_NO_COMMON_BLOCKS = YES;
				GCC_WARN_64_TO_32_BIT_CONVERSION = YES;
				GCC_WARN_ABOUT_RETURN_TYPE = YES_ERROR;
				GCC_WARN_UNDECLARED_SELECTOR = YES;
				GCC_WARN_UNINITIALIZED_AUTOS = YES_AGGRESSIVE;
				GCC_WARN_UNUSED_FUNCTION = YES;
				GCC_WARN_UNUSED_VARIABLE = YES;
				IPHONEOS_DEPLOYMENT_TARGET = 11.2;
				MTL_ENABLE_DEBUG_INFO = NO;
				SDKROOT = iphoneos;
				SWIFT_OPTIMIZATION_LEVEL = "-Owholemodule";
				VALIDATE_PRODUCT = YES;
			};
			name = Release;
		};
		A76C270F20317E3A003E011E /* Debug */ = {
			isa = XCBuildConfiguration;
			buildSettings = {
				ASSETCATALOG_COMPILER_APPICON_NAME = AppIcon;
				CODE_SIGN_STYLE = Automatic;
				DEVELOPMENT_TEAM = 2366PVV26U;
				INFOPLIST_FILE = Project1WordMagnets/Info.plist;
				IPHONEOS_DEPLOYMENT_TARGET = 10.3;
				LD_RUNPATH_SEARCH_PATHS = "$(inherited) @executable_path/Frameworks";
				PRODUCT_BUNDLE_IDENTIFIER = com.jordansullivan.Project1WordMagnets;
				PRODUCT_NAME = "$(TARGET_NAME)";
				SWIFT_VERSION = 4.0;
				TARGETED_DEVICE_FAMILY = "1,2";
			};
			name = Debug;
		};
		A76C271020317E3A003E011E /* Release */ = {
			isa = XCBuildConfiguration;
			buildSettings = {
				ASSETCATALOG_COMPILER_APPICON_NAME = AppIcon;
				CODE_SIGN_STYLE = Automatic;
				DEVELOPMENT_TEAM = 2366PVV26U;
				INFOPLIST_FILE = Project1WordMagnets/Info.plist;
				IPHONEOS_DEPLOYMENT_TARGET = 10.3;
				LD_RUNPATH_SEARCH_PATHS = "$(inherited) @executable_path/Frameworks";
				PRODUCT_BUNDLE_IDENTIFIER = com.jordansullivan.Project1WordMagnets;
				PRODUCT_NAME = "$(TARGET_NAME)";
				SWIFT_VERSION = 4.0;
				TARGETED_DEVICE_FAMILY = "1,2";
			};
			name = Release;
		};
/* End XCBuildConfiguration section */

/* Begin XCConfigurationList section */
		A76C26F720317E39003E011E /* Build configuration list for PBXProject "Project1WordMagnets" */ = {
			isa = XCConfigurationList;
			buildConfigurations = (
				A76C270C20317E3A003E011E /* Debug */,
				A76C270D20317E3A003E011E /* Release */,
			);
			defaultConfigurationIsVisible = 0;
			defaultConfigurationName = Release;
		};
		A76C270E20317E3A003E011E /* Build configuration list for PBXNativeTarget "Project1WordMagnets" */ = {
			isa = XCConfigurationList;
			buildConfigurations = (
				A76C270F20317E3A003E011E /* Debug */,
				A76C271020317E3A003E011E /* Release */,
			);
			defaultConfigurationIsVisible = 0;
			defaultConfigurationName = Release;
		};
/* End XCConfigurationList section */
	};
	rootObject = A76C26F420317E39003E011E /* Project object */;
}
